
Microsoft Visual Studio Solution File, Format Version 12.00
# Visual Studio Version 17
VisualStudioVersion = 17.11.35222.181
MinimumVisualStudioVersion = 10.0.40219.1
Project("{FAE04EC0-301F-11D3-BF4B-00C04F79EFBC}") = "Lab1_23521750_NguyenDuyBaoTuong_23520769_LeQuocKhoi", "Lab1_23521750_NguyenDuyBaoTuong_23520769_LeQuocKhoi\Lab1_23521750_NguyenDuyBaoTuong_23520769_LeQuocKhoi.csproj", "{DA58D188-CE73-46C9-A5FE-DB3328604394}"
EndProject
Global
	GlobalSection(SolutionConfigurationPlatforms) = preSolution
		Debug|Any CPU = Debug|Any CPU
		Release|Any CPU = Release|Any CPU
	EndGlobalSection
	GlobalSection(ProjectConfigurationPlatforms) = postSolution
		{DA58D188-CE73-46C9-A5FE-DB3328604394}.Debug|Any CPU.ActiveCfg = Debug|Any CPU
		{DA58D188-CE73-46C9-A5FE-DB3328604394}.Debug|Any CPU.Build.0 = Debug|Any CPU
		{DA58D188-CE73-46C9-A5FE-DB3328604394}.Release|Any CPU.ActiveCfg = Release|Any CPU
		{DA58D188-CE73-46C9-A5FE-DB3328604394}.Release|Any CPU.Build.0 = Release|Any CPU
	EndGlobalSection
	GlobalSection(SolutionProperties) = preSolution
		HideSolutionNode = FALSE
	EndGlobalSection
	GlobalSection(ExtensibilityGlobals) = postSolution
		SolutionGuid = {D4D79370-B241-41A4-B3E9-06B4C23918F2}
	EndGlobalSection
EndGlobal
